
Microsoft Visual Studio Solution File, Format Version 12.00
# Visual Studio Version 16
VisualStudioVersion = 16.0.31702.278
MinimumVisualStudioVersion = 10.0.40219.1
Project("{FAE04EC0-301F-11D3-BF4B-00C04F79EFBC}") = "DataStructure", "DataStructure\DataStructure.csproj", "{828D9DBA-7169-4CCC-B39B-130F47335101}"
EndProject
Global
	GlobalSection(SolutionConfigurationPlatforms) = preSolution
		Debug|Any CPU = Debug|Any CPU
		Release|Any CPU = Release|Any CPU
	EndGlobalSection
	GlobalSection(ProjectConfigurationPlatforms) = postSolution
		{828D9DBA-7169-4CCC-B39B-130F47335101}.Debug|Any CPU.ActiveCfg = Debug|Any CPU
		{828D9DBA-7169-4CCC-B39B-130F47335101}.Debug|Any CPU.Build.0 = Debug|Any CPU
		{828D9DBA-7169-4CCC-B39B-130F47335101}.Release|Any CPU.ActiveCfg = Release|Any CPU
		{828D9DBA-7169-4CCC-B39B-130F47335101}.Release|Any CPU.Build.0 = Release|Any CPU
	EndGlobalSection
	GlobalSection(SolutionProperties) = preSolution
		HideSolutionNode = FALSE
	EndGlobalSection
	GlobalSection(ExtensibilityGlobals) = postSolution
		SolutionGuid = {5B12CCA1-D06B-4277-BD26-164060258C6D}
	EndGlobalSection
EndGlobal
